
Microsoft Visual Studio Solution File, Format Version 12.00
# Visual Studio Version 16
VisualStudioVersion = 16.0.30907.101
MinimumVisualStudioVersion = 10.0.40219.1
Project("{9A19103F-16F7-4668-BE54-9A1E7A4F7556}") = "KampIntro", "KampIntro\KampIntro.csproj", "{978AD95A-8B87-455F-995A-9DE88C5B825C}"
EndProject
Project("{9A19103F-16F7-4668-BE54-9A1E7A4F7556}") = "Donguler", "Donguler\Donguler.csproj", "{4C7A47B0-CB81-4F26-8601-B8FD583EA91E}"
EndProject
Project("{9A19103F-16F7-4668-BE54-9A1E7A4F7556}") = "ClassIntro", "ClassIntro\ClassIntro.csproj", "{DA5BEDA1-BD1E-4549-993D-0BCF504A6879}"
EndProject
Project("{9A19103F-16F7-4668-BE54-9A1E7A4F7556}") = "Methods", "Methods\Methods.csproj", "{E9BAF71F-4ECE-47C3-9881-AD0430E1B1F9}"
EndProject
Project("{9A19103F-16F7-4668-BE54-9A1E7A4F7556}") = "Matematik", "Matematik\Matematik.csproj", "{2D6FC829-11FF-44C3-B7A5-807E46F32097}"
EndProject
Project("{9A19103F-16F7-4668-BE54-9A1E7A4F7556}") = "DegerVeReferansTipler", "DegerVeReferansTipler\DegerVeReferansTipler.csproj", "{69F55C8D-98D8-4CD7-9939-45348714FCD1}"
EndProject
Project("{FAE04EC0-301F-11D3-BF4B-00C04F79EFBC}") = "OOP1", "OOP1\OOP1.csproj", "{02FDC101-A134-420A-A770-A557FFC5A26B}"
EndProject
Project("{FAE04EC0-301F-11D3-BF4B-00C04F79EFBC}") = "Collections", "Collections\Collections.csproj", "{B8D28ECC-7A96-47ED-B2EF-232224F7065C}"
EndProject
Project("{FAE04EC0-301F-11D3-BF4B-00C04F79EFBC}") = "GenericsIntro", "GenericsIntro\GenericsIntro.csproj", "{FB207CDA-39D7-4E0B-BA37-4E783F97E699}"
EndProject
Global
	GlobalSection(SolutionConfigurationPlatforms) = preSolution
		Debug|Any CPU = Debug|Any CPU
		Release|Any CPU = Release|Any CPU
	EndGlobalSection
	GlobalSection(ProjectConfigurationPlatforms) = postSolution
		{978AD95A-8B87-455F-995A-9DE88C5B825C}.Debug|Any CPU.ActiveCfg = Debug|Any CPU
		{978AD95A-8B87-455F-995A-9DE88C5B825C}.Debug|Any CPU.Build.0 = Debug|Any CPU
		{978AD95A-8B87-455F-995A-9DE88C5B825C}.Release|Any CPU.ActiveCfg = Release|Any CPU
		{978AD95A-8B87-455F-995A-9DE88C5B825C}.Release|Any CPU.Build.0 = Release|Any CPU
		{4C7A47B0-CB81-4F26-8601-B8FD583EA91E}.Debug|Any CPU.ActiveCfg = Debug|Any CPU
		{4C7A47B0-CB81-4F26-8601-B8FD583EA91E}.Debug|Any CPU.Build.0 = Debug|Any CPU
		{4C7A47B0-CB81-4F26-8601-B8FD583EA91E}.Release|Any CPU.ActiveCfg = Release|Any CPU
		{4C7A47B0-CB81-4F26-8601-B8FD583EA91E}.Release|Any CPU.Build.0 = Release|Any CPU
		{DA5BEDA1-BD1E-4549-993D-0BCF504A6879}.Debug|Any CPU.ActiveCfg = Debug|Any CPU
		{DA5BEDA1-BD1E-4549-993D-0BCF504A6879}.Debug|Any CPU.Build.0 = Debug|Any CPU
		{DA5BEDA1-BD1E-4549-993D-0BCF504A6879}.Release|Any CPU.ActiveCfg = Release|Any CPU
		{DA5BEDA1-BD1E-4549-993D-0BCF504A6879}.Release|Any CPU.Build.0 = Release|Any CPU
		{E9BAF71F-4ECE-47C3-9881-AD0430E1B1F9}.Debug|Any CPU.ActiveCfg = Debug|Any CPU
		{E9BAF71F-4ECE-47C3-9881-AD0430E1B1F9}.Debug|Any CPU.Build.0 = Debug|Any CPU
		{E9BAF71F-4ECE-47C3-9881-AD0430E1B1F9}.Release|Any CPU.ActiveCfg = Release|Any CPU
		{E9BAF71F-4ECE-47C3-9881-AD0430E1B1F9}.Release|Any CPU.Build.0 = Release|Any CPU
		{2D6FC829-11FF-44C3-B7A5-807E46F32097}.Debug|Any CPU.ActiveCfg = Debug|Any CPU
		{2D6FC829-11FF-44C3-B7A5-807E46F32097}.Debug|Any CPU.Build.0 = Debug|Any CPU
		{2D6FC829-11FF-44C3-B7A5-807E46F32097}.Release|Any CPU.ActiveCfg = Release|Any CPU
		{2D6FC829-11FF-44C3-B7A5-807E46F32097}.Release|Any CPU.Build.0 = Release|Any CPU
		{69F55C8D-98D8-4CD7-9939-45348714FCD1}.Debug|Any CPU.ActiveCfg = Debug|Any CPU
		{69F55C8D-98D8-4CD7-9939-45348714FCD1}.Debug|Any CPU.Build.0 = Debug|Any CPU
		{69F55C8D-98D8-4CD7-9939-45348714FCD1}.Release|Any CPU.ActiveCfg = Release|Any CPU
		{69F55C8D-98D8-4CD7-9939-45348714FCD1}.Release|Any CPU.Build.0 = Release|Any CPU
		{02FDC101-A134-420A-A770-A557FFC5A26B}.Debug|Any CPU.ActiveCfg = Debug|Any CPU
		{02FDC101-A134-420A-A770-A557FFC5A26B}.Debug|Any CPU.Build.0 = Debug|Any CPU
		{02FDC101-A134-420A-A770-A557FFC5A26B}.Release|Any CPU.ActiveCfg = Release|Any CPU
		{02FDC101-A134-420A-A770-A557FFC5A26B}.Release|Any CPU.Build.0 = Release|Any CPU
		{B8D28ECC-7A96-47ED-B2EF-232224F7065C}.Debug|Any CPU.ActiveCfg = Debug|Any CPU
		{B8D28ECC-7A96-47ED-B2EF-232224F7065C}.Debug|Any CPU.Build.0 = Debug|Any CPU
		{B8D28ECC-7A96-47ED-B2EF-232224F7065C}.Release|Any CPU.ActiveCfg = Release|Any CPU
		{B8D28ECC-7A96-47ED-B2EF-232224F7065C}.Release|Any CPU.Build.0 = Release|Any CPU
		{FB207CDA-39D7-4E0B-BA37-4E783F97E699}.Debug|Any CPU.ActiveCfg = Debug|Any CPU
		{FB207CDA-39D7-4E0B-BA37-4E783F97E699}.Debug|Any CPU.Build.0 = Debug|Any CPU
		{FB207CDA-39D7-4E0B-BA37-4E783F97E699}.Release|Any CPU.ActiveCfg = Release|Any CPU
		{FB207CDA-39D7-4E0B-BA37-4E783F97E699}.Release|Any CPU.Build.0 = Release|Any CPU
	EndGlobalSection
	GlobalSection(SolutionProperties) = preSolution
		HideSolutionNode = FALSE
	EndGlobalSection
	GlobalSection(ExtensibilityGlobals) = postSolution
		SolutionGuid = {7AC57C48-9332-4E05-8E7E-8D344675E5FC}
	EndGlobalSection
EndGlobal
